<?xml version="1.0" encoding="utf-8"?>
<Project ToolsVersion="4.0" xmlns="http://schemas.microsoft.com/developer/msbuild/2003">
  <ItemGroup>
    <Filter Include="Source Files">
      <UniqueIdentifier>{4FC737F1-C7A5-4376-A066-2A32D752A2FF}</UniqueIdentifier>
      <Extensions>cpp;c;cc;cxx;def;odl;idl;hpj;bat;asm;asmx</Extensions>
    </Filter>
    <Filter Include="Header Files">
      <UniqueIdentifier>{93995380-89BD-4b04-88EB-625FBE52EBFB}</UniqueIdentifier>
      <Extensions>h;hh;hpp;hxx;hm;inl;inc;xsd</Extensions>
    </Filter>
    <Filter Include="Resource Files">
      <UniqueIdentifier>{67DA6AB6-F800-4c08-8B7A-83BB121AAD01}</UniqueIdentifier>
      <Extensions>rc;ico;cur;bmp;dlg;rc2;rct;bin;rgs;gif;jpg;jpeg;jpe;resx;tiff;tif;png;wav</Extensions>
    </Filter>
    <Filter Include="Shaders">
      <UniqueIdentifier>{3aaee864-0d74-45c5-a122-760caf720b56}</UniqueIdentifier>
    </Filter>
  </ItemGroup>
  <ItemGroup>
    <ClCompile Include="source\main.cpp">
      <Filter>Source Files</Filter>
    </ClCompile>
    <ClCompile Include="stb_image.cpp">
      <Filter>Source Files</Filter>
    </ClCompile>
    <ClCompile Include="Source\Cylinder.cpp">
      <Filter>Source Files</Filter>
    </ClCompile>
    <ClCompile Include="SGSprite.cpp">
      <Filter>Source Files</Filter>
    </ClCompile>
    <ClCompile Include="SGShader.cpp">
      <Filter>Source Files</Filter>
    </ClCompile>
    <ClCompile Include="SGTexture.cpp">
      <Filter>Source Files</Filter>
    </ClCompile>
    <ClCompile Include="SGCube.cpp">
      <Filter>Source Files</Filter>
    </ClCompile>
  </ItemGroup>
  <ItemGroup>
    <ClInclude Include="include\external\glfw\glfw3.h">
      <Filter>Header Files</Filter>
    </ClInclude>
    <ClInclude Include="include\external\glfw\glfw3native.h">
      <Filter>Header Files</Filter>
    </ClInclude>
    <ClInclude Include="Include\stb_image.h">
      <Filter>Header Files</Filter>
    </ClInclude>
    <ClInclude Include="Include\Cylinder.h">
      <Filter>Header Files</Filter>
    </ClInclude>
    <ClInclude Include="SGSprite.h">
      <Filter>Header Files</Filter>
    </ClInclude>
    <ClInclude Include="SGUtility.h">
      <Filter>Header Files</Filter>
    </ClInclude>
    <ClInclude Include="SGShader.h">
      <Filter>Header Files</Filter>
    </ClInclude>
    <ClInclude Include="SGTexture.h">
      <Filter>Header Files</Filter>
    </ClInclude>
    <ClInclude Include="SGCube.h">
      <Filter>Header Files</Filter>
    </ClInclude>
  </ItemGroup>
  <ItemGroup>
    <None Include="FragShader.fs">
      <Filter>Shaders</Filter>
    </None>
    <None Include="VertexShader.vs">
      <Filter>Shaders</Filter>
    </None>
    <None Include="PointLightV.vs">
      <Filter>Shaders</Filter>
    </None>
    <None Include="PointLightF.fs">
      <Filter>Shaders</Filter>
    </None>
    <None Include="Sprite.vs">
      <Filter>Shaders</Filter>
    </None>
    <None Include="Sprite.fs">
      <Filter>Shaders</Filter>
    </None>
    <None Include="SpriteTiled.fs">
      <Filter>Shaders</Filter>
    </None>
  </ItemGroup>
</Project>